// !$*UTF8*$!
{
	archiveVersion = 1;
	classes = {
	};
	objectVersion = 56;
	objects = {

/* Begin PBXBuildFile section */
		440EC27E2C756EC40081C5D8 /* NurtureTrakApp.swift in Sources */ = {isa = PBXBuildFile; fileRef = 440EC27D2C756EC40081C5D8 /* NurtureTrakApp.swift */; };
		440EC2802C756EC40081C5D8 /* ContentView.swift in Sources */ = {isa = PBXBuildFile; fileRef = 440EC27F2C756EC40081C5D8 /* ContentView.swift */; };
		440EC2822C756EC50081C5D8 /* Assets.xcassets in Resources */ = {isa = PBXBuildFile; fileRef = 440EC2812C756EC50081C5D8 /* Assets.xcassets */; };
		440EC2852C756EC50081C5D8 /* Preview Assets.xcassets in Resources */ = {isa = PBXBuildFile; fileRef = 440EC2842C756EC50081C5D8 /* Preview Assets.xcassets */; };
		440EC28F2C756EC50081C5D8 /* NurtureTrakTests.swift in Sources */ = {isa = PBXBuildFile; fileRef = 440EC28E2C756EC50081C5D8 /* NurtureTrakTests.swift */; };
		440EC2992C756EC50081C5D8 /* NurtureTrakUITests.swift in Sources */ = {isa = PBXBuildFile; fileRef = 440EC2982C756EC50081C5D8 /* NurtureTrakUITests.swift */; };
		440EC29B2C756EC50081C5D8 /* NurtureTrakUITestsLaunchTests.swift in Sources */ = {isa = PBXBuildFile; fileRef = 440EC29A2C756EC50081C5D8 /* NurtureTrakUITestsLaunchTests.swift */; };
		440EC2BE2C75756B0081C5D8 /* APIService.swift in Sources */ = {isa = PBXBuildFile; fileRef = 440EC2BD2C75756B0081C5D8 /* APIService.swift */; };
		440EC2BF2C75756B0081C5D8 /* APIService.swift in Sources */ = {isa = PBXBuildFile; fileRef = 440EC2BD2C75756B0081C5D8 /* APIService.swift */; };
		440EC2C12C7575810081C5D8 /* StorageService.swift in Sources */ = {isa = PBXBuildFile; fileRef = 440EC2C02C7575810081C5D8 /* StorageService.swift */; };
		440EC2C22C7575810081C5D8 /* StorageService.swift in Sources */ = {isa = PBXBuildFile; fileRef = 440EC2C02C7575810081C5D8 /* StorageService.swift */; };
		440EC2C62C7575A40081C5D8 /* Constants.swift in Sources */ = {isa = PBXBuildFile; fileRef = 440EC2C52C7575A30081C5D8 /* Constants.swift */; };
		440EC2C72C7575A40081C5D8 /* Constants.swift in Sources */ = {isa = PBXBuildFile; fileRef = 440EC2C52C7575A30081C5D8 /* Constants.swift */; };
		440EC2D72C7576CD0081C5D8 /* SessionsViewModel.swift in Sources */ = {isa = PBXBuildFile; fileRef = 440EC2D62C7576CD0081C5D8 /* SessionsViewModel.swift */; };
		440EC2D82C7576CD0081C5D8 /* SessionsViewModel.swift in Sources */ = {isa = PBXBuildFile; fileRef = 440EC2D62C7576CD0081C5D8 /* SessionsViewModel.swift */; };
		440EC2DA2C7576E50081C5D8 /* Session.swift in Sources */ = {isa = PBXBuildFile; fileRef = 440EC2D92C7576E50081C5D8 /* Session.swift */; };
		440EC2DB2C7576E50081C5D8 /* Session.swift in Sources */ = {isa = PBXBuildFile; fileRef = 440EC2D92C7576E50081C5D8 /* Session.swift */; };
		440EC2DD2C7576F50081C5D8 /* SessionsView.swift in Sources */ = {isa = PBXBuildFile; fileRef = 440EC2DC2C7576F50081C5D8 /* SessionsView.swift */; };
		440EC2DE2C7576F50081C5D8 /* SessionsView.swift in Sources */ = {isa = PBXBuildFile; fileRef = 440EC2DC2C7576F50081C5D8 /* SessionsView.swift */; };
		440EC2E02C7577020081C5D8 /* ChildrenViewModel.swift in Sources */ = {isa = PBXBuildFile; fileRef = 440EC2DF2C7577020081C5D8 /* ChildrenViewModel.swift */; };
		440EC2E12C7577020081C5D8 /* ChildrenViewModel.swift in Sources */ = {isa = PBXBuildFile; fileRef = 440EC2DF2C7577020081C5D8 /* ChildrenViewModel.swift */; };
		440EC2E32C75770B0081C5D8 /* Children.swift in Sources */ = {isa = PBXBuildFile; fileRef = 440EC2E22C75770B0081C5D8 /* Children.swift */; };
		440EC2E42C75770B0081C5D8 /* Children.swift in Sources */ = {isa = PBXBuildFile; fileRef = 440EC2E22C75770B0081C5D8 /* Children.swift */; };
		440EC2E62C7577190081C5D8 /* ChildrenView.swift in Sources */ = {isa = PBXBuildFile; fileRef = 440EC2E52C7577190081C5D8 /* ChildrenView.swift */; };
		440EC2E72C7577190081C5D8 /* ChildrenView.swift in Sources */ = {isa = PBXBuildFile; fileRef = 440EC2E52C7577190081C5D8 /* ChildrenView.swift */; };
		440EC2E92C7577290081C5D8 /* ProfileViewModel.swift in Sources */ = {isa = PBXBuildFile; fileRef = 440EC2E82C7577290081C5D8 /* ProfileViewModel.swift */; };
		440EC2EA2C7577290081C5D8 /* ProfileViewModel.swift in Sources */ = {isa = PBXBuildFile; fileRef = 440EC2E82C7577290081C5D8 /* ProfileViewModel.swift */; };
		440EC2EC2C7577320081C5D8 /* Profile.swift in Sources */ = {isa = PBXBuildFile; fileRef = 440EC2EB2C7577320081C5D8 /* Profile.swift */; };
		440EC2ED2C7577320081C5D8 /* Profile.swift in Sources */ = {isa = PBXBuildFile; fileRef = 440EC2EB2C7577320081C5D8 /* Profile.swift */; };
		440EC2EF2C7577420081C5D8 /* ProfileView.swift in Sources */ = {isa = PBXBuildFile; fileRef = 440EC2EE2C7577420081C5D8 /* ProfileView.swift */; };
		440EC2F02C7577420081C5D8 /* ProfileView.swift in Sources */ = {isa = PBXBuildFile; fileRef = 440EC2EE2C7577420081C5D8 /* ProfileView.swift */; };
		440EC2F22C7577550081C5D8 /* HomeViewModel.swift in Sources */ = {isa = PBXBuildFile; fileRef = 440EC2F12C7577550081C5D8 /* HomeViewModel.swift */; };
		440EC2F32C7577550081C5D8 /* HomeViewModel.swift in Sources */ = {isa = PBXBuildFile; fileRef = 440EC2F12C7577550081C5D8 /* HomeViewModel.swift */; };
		440EC2F52C75776D0081C5D8 /* HomeView.swift in Sources */ = {isa = PBXBuildFile; fileRef = 440EC2F42C75776D0081C5D8 /* HomeView.swift */; };
		440EC2F62C75776D0081C5D8 /* HomeView.swift in Sources */ = {isa = PBXBuildFile; fileRef = 440EC2F42C75776D0081C5D8 /* HomeView.swift */; };
		440EC2F82C75778D0081C5D8 /* AuthManager.swift in Sources */ = {isa = PBXBuildFile; fileRef = 440EC2F72C75778D0081C5D8 /* AuthManager.swift */; };
		440EC2F92C75778D0081C5D8 /* AuthManager.swift in Sources */ = {isa = PBXBuildFile; fileRef = 440EC2F72C75778D0081C5D8 /* AuthManager.swift */; };
		440EC2FB2C75779D0081C5D8 /* NetworkManager.swift in Sources */ = {isa = PBXBuildFile; fileRef = 440EC2FA2C75779D0081C5D8 /* NetworkManager.swift */; };
		440EC2FC2C75779D0081C5D8 /* NetworkManager.swift in Sources */ = {isa = PBXBuildFile; fileRef = 440EC2FA2C75779D0081C5D8 /* NetworkManager.swift */; };
		440EC2FE2C7577AA0081C5D8 /* StorageManager.swift in Sources */ = {isa = PBXBuildFile; fileRef = 440EC2FD2C7577AA0081C5D8 /* StorageManager.swift */; };
		440EC2FF2C7577AA0081C5D8 /* StorageManager.swift in Sources */ = {isa = PBXBuildFile; fileRef = 440EC2FD2C7577AA0081C5D8 /* StorageManager.swift */; };
		440EC3012C7577BB0081C5D8 /* AppConfig.swift in Sources */ = {isa = PBXBuildFile; fileRef = 440EC3002C7577BB0081C5D8 /* AppConfig.swift */; };
		440EC3022C7577BB0081C5D8 /* AppConfig.swift in Sources */ = {isa = PBXBuildFile; fileRef = 440EC3002C7577BB0081C5D8 /* AppConfig.swift */; };
		440EC3042C7577D50081C5D8 /* View+Extensions.swift in Sources */ = {isa = PBXBuildFile; fileRef = 440EC3032C7577D50081C5D8 /* View+Extensions.swift */; };
		440EC3052C7577D50081C5D8 /* View+Extensions.swift in Sources */ = {isa = PBXBuildFile; fileRef = 440EC3032C7577D50081C5D8 /* View+Extensions.swift */; };
		440EC3072C7577E80081C5D8 /* Color+Extensions.swift in Sources */ = {isa = PBXBuildFile; fileRef = 440EC3062C7577E80081C5D8 /* Color+Extensions.swift */; };
		440EC3082C7577E80081C5D8 /* Color+Extensions.swift in Sources */ = {isa = PBXBuildFile; fileRef = 440EC3062C7577E80081C5D8 /* Color+Extensions.swift */; };
		440EC30A2C7577F80081C5D8 /* DateFormatter.swift in Sources */ = {isa = PBXBuildFile; fileRef = 440EC3092C7577F80081C5D8 /* DateFormatter.swift */; };
		440EC30B2C7577F80081C5D8 /* DateFormatter.swift in Sources */ = {isa = PBXBuildFile; fileRef = 440EC3092C7577F80081C5D8 /* DateFormatter.swift */; };
		440EC30D2C75780D0081C5D8 /* Validators.swift in Sources */ = {isa = PBXBuildFile; fileRef = 440EC30C2C75780D0081C5D8 /* Validators.swift */; };
		440EC30E2C75780D0081C5D8 /* Validators.swift in Sources */ = {isa = PBXBuildFile; fileRef = 440EC30C2C75780D0081C5D8 /* Validators.swift */; };
		440EC3102C7587CB0081C5D8 /* Colors.xcassets in Resources */ = {isa = PBXBuildFile; fileRef = 440EC30F2C7587CB0081C5D8 /* Colors.xcassets */; };
		440EC3112C7587CB0081C5D8 /* Colors.xcassets in Resources */ = {isa = PBXBuildFile; fileRef = 440EC30F2C7587CB0081C5D8 /* Colors.xcassets */; };
		440EC3172C7593020081C5D8 /* LandingView.swift in Sources */ = {isa = PBXBuildFile; fileRef = 440EC3162C7593020081C5D8 /* LandingView.swift */; };
		440EC3182C7593020081C5D8 /* LandingView.swift in Sources */ = {isa = PBXBuildFile; fileRef = 440EC3162C7593020081C5D8 /* LandingView.swift */; };
		440EC31A2C7593120081C5D8 /* RegisterView.swift in Sources */ = {isa = PBXBuildFile; fileRef = 440EC3192C7593120081C5D8 /* RegisterView.swift */; };
		440EC31B2C7593120081C5D8 /* RegisterView.swift in Sources */ = {isa = PBXBuildFile; fileRef = 440EC3192C7593120081C5D8 /* RegisterView.swift */; };
		440EC31D2C7593180081C5D8 /* LoginView.swift in Sources */ = {isa = PBXBuildFile; fileRef = 440EC31C2C7593180081C5D8 /* LoginView.swift */; };
		440EC31E2C7593180081C5D8 /* LoginView.swift in Sources */ = {isa = PBXBuildFile; fileRef = 440EC31C2C7593180081C5D8 /* LoginView.swift */; };
		440EC3202C75932C0081C5D8 /* LandingViewModel.swift in Sources */ = {isa = PBXBuildFile; fileRef = 440EC31F2C75932C0081C5D8 /* LandingViewModel.swift */; };
		440EC3212C75932C0081C5D8 /* LandingViewModel.swift in Sources */ = {isa = PBXBuildFile; fileRef = 440EC31F2C75932C0081C5D8 /* LandingViewModel.swift */; };
		440EC3232C7593340081C5D8 /* RegisterViewModel.swift in Sources */ = {isa = PBXBuildFile; fileRef = 440EC3222C7593340081C5D8 /* RegisterViewModel.swift */; };
		440EC3242C7593340081C5D8 /* RegisterViewModel.swift in Sources */ = {isa = PBXBuildFile; fileRef = 440EC3222C7593340081C5D8 /* RegisterViewModel.swift */; };
		440EC3262C7593420081C5D8 /* LoginViewModel.swift in Sources */ = {isa = PBXBuildFile; fileRef = 440EC3252C7593420081C5D8 /* LoginViewModel.swift */; };
		440EC3272C7593420081C5D8 /* LoginViewModel.swift in Sources */ = {isa = PBXBuildFile; fileRef = 440EC3252C7593420081C5D8 /* LoginViewModel.swift */; };
		440EC32A2C7593AC0081C5D8 /* CustomTextField.swift in Sources */ = {isa = PBXBuildFile; fileRef = 440EC3292C7593AC0081C5D8 /* CustomTextField.swift */; };
		440EC32B2C7593AC0081C5D8 /* CustomTextField.swift in Sources */ = {isa = PBXBuildFile; fileRef = 440EC3292C7593AC0081C5D8 /* CustomTextField.swift */; };
		440EC32D2C7593BE0081C5D8 /* CustomSecureField.swift in Sources */ = {isa = PBXBuildFile; fileRef = 440EC32C2C7593BE0081C5D8 /* CustomSecureField.swift */; };
		440EC32E2C7593BE0081C5D8 /* CustomSecureField.swift in Sources */ = {isa = PBXBuildFile; fileRef = 440EC32C2C7593BE0081C5D8 /* CustomSecureField.swift */; };
		440EC3302C7593C50081C5D8 /* CustomButton.swift in Sources */ = {isa = PBXBuildFile; fileRef = 440EC32F2C7593C50081C5D8 /* CustomButton.swift */; };
		440EC3312C7593C50081C5D8 /* CustomButton.swift in Sources */ = {isa = PBXBuildFile; fileRef = 440EC32F2C7593C50081C5D8 /* CustomButton.swift */; };
		440EC3352C7597790081C5D8 /* MainTabView.swift in Sources */ = {isa = PBXBuildFile; fileRef = 440EC3342C7597790081C5D8 /* MainTabView.swift */; };
		440EC3362C7597790081C5D8 /* MainTabView.swift in Sources */ = {isa = PBXBuildFile; fileRef = 440EC3342C7597790081C5D8 /* MainTabView.swift */; };
/* End PBXBuildFile section */

/* Begin PBXContainerItemProxy section */
		440EC28B2C756EC50081C5D8 /* PBXContainerItemProxy */ = {
			isa = PBXContainerItemProxy;
			containerPortal = 440EC2722C756EC40081C5D8 /* Project object */;
			proxyType = 1;
			remoteGlobalIDString = 440EC2792C756EC40081C5D8;
			remoteInfo = NurtureTrak;
		};
		440EC2952C756EC50081C5D8 /* PBXContainerItemProxy */ = {
			isa = PBXContainerItemProxy;
			containerPortal = 440EC2722C756EC40081C5D8 /* Project object */;
			proxyType = 1;
			remoteGlobalIDString = 440EC2792C756EC40081C5D8;
			remoteInfo = NurtureTrak;
		};
/* End PBXContainerItemProxy section */

/* Begin PBXFileReference section */
		440EC27A2C756EC40081C5D8 /* NurtureTrak.app */ = {isa = PBXFileReference; explicitFileType = wrapper.application; includeInIndex = 0; path = NurtureTrak.app; sourceTree = BUILT_PRODUCTS_DIR; };
		440EC27D2C756EC40081C5D8 /* NurtureTrakApp.swift */ = {isa = PBXFileReference; lastKnownFileType = sourcecode.swift; path = NurtureTrakApp.swift; sourceTree = "<group>"; };
		440EC27F2C756EC40081C5D8 /* ContentView.swift */ = {isa = PBXFileReference; lastKnownFileType = sourcecode.swift; path = ContentView.swift; sourceTree = "<group>"; };
		440EC2812C756EC50081C5D8 /* Assets.xcassets */ = {isa = PBXFileReference; lastKnownFileType = folder.assetcatalog; path = Assets.xcassets; sourceTree = "<group>"; };
		440EC2842C756EC50081C5D8 /* Preview Assets.xcassets */ = {isa = PBXFileReference; lastKnownFileType = folder.assetcatalog; path = "Preview Assets.xcassets"; sourceTree = "<group>"; };
		440EC28A2C756EC50081C5D8 /* NurtureTrakTests.xctest */ = {isa = PBXFileReference; explicitFileType = wrapper.cfbundle; includeInIndex = 0; path = NurtureTrakTests.xctest; sourceTree = BUILT_PRODUCTS_DIR; };
		440EC28E2C756EC50081C5D8 /* NurtureTrakTests.swift */ = {isa = PBXFileReference; lastKnownFileType = sourcecode.swift; path = NurtureTrakTests.swift; sourceTree = "<group>"; };
		440EC2942C756EC50081C5D8 /* NurtureTrakUITests.xctest */ = {isa = PBXFileReference; explicitFileType = wrapper.cfbundle; includeInIndex = 0; path = NurtureTrakUITests.xctest; sourceTree = BUILT_PRODUCTS_DIR; };
		440EC2982C756EC50081C5D8 /* NurtureTrakUITests.swift */ = {isa = PBXFileReference; lastKnownFileType = sourcecode.swift; path = NurtureTrakUITests.swift; sourceTree = "<group>"; };
		440EC29A2C756EC50081C5D8 /* NurtureTrakUITestsLaunchTests.swift */ = {isa = PBXFileReference; lastKnownFileType = sourcecode.swift; path = NurtureTrakUITestsLaunchTests.swift; sourceTree = "<group>"; };
		440EC2BD2C75756B0081C5D8 /* APIService.swift */ = {isa = PBXFileReference; lastKnownFileType = sourcecode.swift; path = APIService.swift; sourceTree = "<group>"; };
		440EC2C02C7575810081C5D8 /* StorageService.swift */ = {isa = PBXFileReference; lastKnownFileType = sourcecode.swift; path = StorageService.swift; sourceTree = "<group>"; };
		440EC2C52C7575A30081C5D8 /* Constants.swift */ = {isa = PBXFileReference; lastKnownFileType = sourcecode.swift; path = Constants.swift; sourceTree = "<group>"; };
		440EC2D62C7576CD0081C5D8 /* SessionsViewModel.swift */ = {isa = PBXFileReference; lastKnownFileType = sourcecode.swift; path = SessionsViewModel.swift; sourceTree = "<group>"; };
		440EC2D92C7576E50081C5D8 /* Session.swift */ = {isa = PBXFileReference; lastKnownFileType = sourcecode.swift; path = Session.swift; sourceTree = "<group>"; };
		440EC2DC2C7576F50081C5D8 /* SessionsView.swift */ = {isa = PBXFileReference; lastKnownFileType = sourcecode.swift; path = SessionsView.swift; sourceTree = "<group>"; };
		440EC2DF2C7577020081C5D8 /* ChildrenViewModel.swift */ = {isa = PBXFileReference; lastKnownFileType = sourcecode.swift; path = ChildrenViewModel.swift; sourceTree = "<group>"; };
		440EC2E22C75770B0081C5D8 /* Children.swift */ = {isa = PBXFileReference; lastKnownFileType = sourcecode.swift; path = Children.swift; sourceTree = "<group>"; };
		440EC2E52C7577190081C5D8 /* ChildrenView.swift */ = {isa = PBXFileReference; lastKnownFileType = sourcecode.swift; path = ChildrenView.swift; sourceTree = "<group>"; };
		440EC2E82C7577290081C5D8 /* ProfileViewModel.swift */ = {isa = PBXFileReference; lastKnownFileType = sourcecode.swift; path = ProfileViewModel.swift; sourceTree = "<group>"; };
		440EC2EB2C7577320081C5D8 /* Profile.swift */ = {isa = PBXFileReference; lastKnownFileType = sourcecode.swift; path = Profile.swift; sourceTree = "<group>"; };
		440EC2EE2C7577420081C5D8 /* ProfileView.swift */ = {isa = PBXFileReference; lastKnownFileType = sourcecode.swift; path = ProfileView.swift; sourceTree = "<group>"; };
		440EC2F12C7577550081C5D8 /* HomeViewModel.swift */ = {isa = PBXFileReference; lastKnownFileType = sourcecode.swift; path = HomeViewModel.swift; sourceTree = "<group>"; };
		440EC2F42C75776D0081C5D8 /* HomeView.swift */ = {isa = PBXFileReference; lastKnownFileType = sourcecode.swift; path = HomeView.swift; sourceTree = "<group>"; };
		440EC2F72C75778D0081C5D8 /* AuthManager.swift */ = {isa = PBXFileReference; lastKnownFileType = sourcecode.swift; path = AuthManager.swift; sourceTree = "<group>"; };
		440EC2FA2C75779D0081C5D8 /* NetworkManager.swift */ = {isa = PBXFileReference; lastKnownFileType = sourcecode.swift; path = NetworkManager.swift; sourceTree = "<group>"; };
		440EC2FD2C7577AA0081C5D8 /* StorageManager.swift */ = {isa = PBXFileReference; lastKnownFileType = sourcecode.swift; path = StorageManager.swift; sourceTree = "<group>"; };
		440EC3002C7577BB0081C5D8 /* AppConfig.swift */ = {isa = PBXFileReference; lastKnownFileType = sourcecode.swift; path = AppConfig.swift; sourceTree = "<group>"; };
		440EC3032C7577D50081C5D8 /* View+Extensions.swift */ = {isa = PBXFileReference; lastKnownFileType = sourcecode.swift; path = "View+Extensions.swift"; sourceTree = "<group>"; };
		440EC3062C7577E80081C5D8 /* Color+Extensions.swift */ = {isa = PBXFileReference; lastKnownFileType = sourcecode.swift; path = "Color+Extensions.swift"; sourceTree = "<group>"; };
		440EC3092C7577F80081C5D8 /* DateFormatter.swift */ = {isa = PBXFileReference; lastKnownFileType = sourcecode.swift; path = DateFormatter.swift; sourceTree = "<group>"; };
		440EC30C2C75780D0081C5D8 /* Validators.swift */ = {isa = PBXFileReference; lastKnownFileType = sourcecode.swift; path = Validators.swift; sourceTree = "<group>"; };
		440EC30F2C7587CB0081C5D8 /* Colors.xcassets */ = {isa = PBXFileReference; lastKnownFileType = folder.assetcatalog; path = Colors.xcassets; sourceTree = "<group>"; };
		440EC3162C7593020081C5D8 /* LandingView.swift */ = {isa = PBXFileReference; lastKnownFileType = sourcecode.swift; path = LandingView.swift; sourceTree = "<group>"; };
		440EC3192C7593120081C5D8 /* RegisterView.swift */ = {isa = PBXFileReference; lastKnownFileType = sourcecode.swift; path = RegisterView.swift; sourceTree = "<group>"; };
		440EC31C2C7593180081C5D8 /* LoginView.swift */ = {isa = PBXFileReference; lastKnownFileType = sourcecode.swift; path = LoginView.swift; sourceTree = "<group>"; };
		440EC31F2C75932C0081C5D8 /* LandingViewModel.swift */ = {isa = PBXFileReference; lastKnownFileType = sourcecode.swift; path = LandingViewModel.swift; sourceTree = "<group>"; };
		440EC3222C7593340081C5D8 /* RegisterViewModel.swift */ = {isa = PBXFileReference; lastKnownFileType = sourcecode.swift; path = RegisterViewModel.swift; sourceTree = "<group>"; };
		440EC3252C7593420081C5D8 /* LoginViewModel.swift */ = {isa = PBXFileReference; lastKnownFileType = sourcecode.swift; path = LoginViewModel.swift; sourceTree = "<group>"; };
		440EC3292C7593AC0081C5D8 /* CustomTextField.swift */ = {isa = PBXFileReference; lastKnownFileType = sourcecode.swift; path = CustomTextField.swift; sourceTree = "<group>"; };
		440EC32C2C7593BE0081C5D8 /* CustomSecureField.swift */ = {isa = PBXFileReference; lastKnownFileType = sourcecode.swift; path = CustomSecureField.swift; sourceTree = "<group>"; };
		440EC32F2C7593C50081C5D8 /* CustomButton.swift */ = {isa = PBXFileReference; lastKnownFileType = sourcecode.swift; path = CustomButton.swift; sourceTree = "<group>"; };
		440EC3342C7597790081C5D8 /* MainTabView.swift */ = {isa = PBXFileReference; lastKnownFileType = sourcecode.swift; path = MainTabView.swift; sourceTree = "<group>"; };
		440EC3372C75AF1E0081C5D8 /* Info.plist */ = {isa = PBXFileReference; lastKnownFileType = text.plist; path = Info.plist; sourceTree = "<group>"; };
/* End PBXFileReference section */

/* Begin PBXFrameworksBuildPhase section */
		440EC2772C756EC40081C5D8 /* Frameworks */ = {
			isa = PBXFrameworksBuildPhase;
			buildActionMask = 2147483647;
			files = (
			);
			runOnlyForDeploymentPostprocessing = 0;
		};
		440EC2872C756EC50081C5D8 /* Frameworks */ = {
			isa = PBXFrameworksBuildPhase;
			buildActionMask = 2147483647;
			files = (
			);
			runOnlyForDeploymentPostprocessing = 0;
		};
		440EC2912C756EC50081C5D8 /* Frameworks */ = {
			isa = PBXFrameworksBuildPhase;
			buildActionMask = 2147483647;
			files = (
			);
			runOnlyForDeploymentPostprocessing = 0;
		};
/* End PBXFrameworksBuildPhase section */

/* Begin PBXGroup section */
		440EC2712C756EC40081C5D8 = {
			isa = PBXGroup;
			children = (
				440EC27C2C756EC40081C5D8 /* NurtureTrak */,
				440EC28D2C756EC50081C5D8 /* NurtureTrakTests */,
				440EC2972C756EC50081C5D8 /* NurtureTrakUITests */,
				440EC27B2C756EC40081C5D8 /* Products */,
			);
			sourceTree = "<group>";
		};
		440EC27B2C756EC40081C5D8 /* Products */ = {
			isa = PBXGroup;
			children = (
				440EC27A2C756EC40081C5D8 /* NurtureTrak.app */,
				440EC28A2C756EC50081C5D8 /* NurtureTrakTests.xctest */,
				440EC2942C756EC50081C5D8 /* NurtureTrakUITests.xctest */,
			);
			name = Products;
			sourceTree = "<group>";
		};
		440EC27C2C756EC40081C5D8 /* NurtureTrak */ = {
			isa = PBXGroup;
			children = (
				440EC3372C75AF1E0081C5D8 /* Info.plist */,
				440EC3282C7593880081C5D8 /* SharedComponents */,
				440EC2B22C7574A80081C5D8 /* Resources */,
				440EC2B12C75749E0081C5D8 /* Utils */,
				440EC2B02C7574970081C5D8 /* Services */,
				440EC2AF2C7574930081C5D8 /* Core */,
				440EC2AE2C7574850081C5D8 /* Features */,
				440EC27D2C756EC40081C5D8 /* NurtureTrakApp.swift */,
				440EC27F2C756EC40081C5D8 /* ContentView.swift */,
				440EC2832C756EC50081C5D8 /* Preview Content */,
			);
			path = NurtureTrak;
			sourceTree = "<group>";
		};
		440EC2832C756EC50081C5D8 /* Preview Content */ = {
			isa = PBXGroup;
			children = (
				440EC2842C756EC50081C5D8 /* Preview Assets.xcassets */,
			);
			path = "Preview Content";
			sourceTree = "<group>";
		};
		440EC28D2C756EC50081C5D8 /* NurtureTrakTests */ = {
			isa = PBXGroup;
			children = (
				440EC28E2C756EC50081C5D8 /* NurtureTrakTests.swift */,
			);
			path = NurtureTrakTests;
			sourceTree = "<group>";
		};
		440EC2972C756EC50081C5D8 /* NurtureTrakUITests */ = {
			isa = PBXGroup;
			children = (
				440EC2982C756EC50081C5D8 /* NurtureTrakUITests.swift */,
				440EC29A2C756EC50081C5D8 /* NurtureTrakUITestsLaunchTests.swift */,
			);
			path = NurtureTrakUITests;
			sourceTree = "<group>";
		};
		440EC2AE2C7574850081C5D8 /* Features */ = {
			isa = PBXGroup;
			children = (
				440EC3322C7597630081C5D8 /* Main */,
				440EC3122C7592C90081C5D8 /* Authentication */,
				440EC2B72C7575020081C5D8 /* Sessions */,
				440EC2B62C7574FD0081C5D8 /* Children */,
				440EC2B42C7574EE0081C5D8 /* Profile */,
				440EC2B32C7574E90081C5D8 /* Home */,
			);
			path = Features;
			sourceTree = "<group>";
		};
		440EC2AF2C7574930081C5D8 /* Core */ = {
			isa = PBXGroup;
			children = (
				440EC2BC2C7575520081C5D8 /* AppConfig */,
				440EC2BB2C75754C0081C5D8 /* Storage */,
				440EC2B92C75753B0081C5D8 /* Networking */,
				440EC2B82C7575310081C5D8 /* Authentication */,
			);
			path = Core;
			sourceTree = "<group>";
		};
		440EC2B02C7574970081C5D8 /* Services */ = {
			isa = PBXGroup;
			children = (
				440EC2BD2C75756B0081C5D8 /* APIService.swift */,
				440EC2C02C7575810081C5D8 /* StorageService.swift */,
			);
			path = Services;
			sourceTree = "<group>";
		};
		440EC2B12C75749E0081C5D8 /* Utils */ = {
			isa = PBXGroup;
			children = (
				440EC2C42C7575940081C5D8 /* Helpers */,
				440EC2C32C75758E0081C5D8 /* Extensions */,
				440EC2C52C7575A30081C5D8 /* Constants.swift */,
			);
			path = Utils;
			sourceTree = "<group>";
		};
		440EC2B22C7574A80081C5D8 /* Resources */ = {
			isa = PBXGroup;
			children = (
				440EC2812C756EC50081C5D8 /* Assets.xcassets */,
				440EC2C92C7575CA0081C5D8 /* Localization */,
				440EC2C82C7575C50081C5D8 /* Fonts */,
				440EC30F2C7587CB0081C5D8 /* Colors.xcassets */,
			);
			path = Resources;
			sourceTree = "<group>";
		};
		440EC2B32C7574E90081C5D8 /* Home */ = {
			isa = PBXGroup;
			children = (
				440EC2D52C7576A60081C5D8 /* ViewModels */,
				440EC2D42C7576A10081C5D8 /* Models */,
				440EC2D32C75769D0081C5D8 /* Views */,
			);
			path = Home;
			sourceTree = "<group>";
		};
		440EC2B42C7574EE0081C5D8 /* Profile */ = {
			isa = PBXGroup;
			children = (
				440EC2D22C7576950081C5D8 /* ViewModels */,
				440EC2D12C75768C0081C5D8 /* Models */,
				440EC2D02C7576840081C5D8 /* Views */,
			);
			path = Profile;
			sourceTree = "<group>";
		};
		440EC2B62C7574FD0081C5D8 /* Children */ = {
			isa = PBXGroup;
			children = (
				440EC2CF2C75767F0081C5D8 /* ViewModels */,
				440EC2CE2C75767A0081C5D8 /* Models */,
				440EC2CD2C7576750081C5D8 /* Views */,
			);
			path = Children;
			sourceTree = "<group>";
		};
		440EC2B72C7575020081C5D8 /* Sessions */ = {
			isa = PBXGroup;
			children = (
				440EC2CC2C75764D0081C5D8 /* ViewModels */,
				440EC2CB2C7576470081C5D8 /* Models */,
				440EC2CA2C7576420081C5D8 /* Views */,
			);
			path = Sessions;
			sourceTree = "<group>";
		};
		440EC2B82C7575310081C5D8 /* Authentication */ = {
			isa = PBXGroup;
			children = (
				440EC2F72C75778D0081C5D8 /* AuthManager.swift */,
			);
			path = Authentication;
			sourceTree = "<group>";
		};
		440EC2B92C75753B0081C5D8 /* Networking */ = {
			isa = PBXGroup;
			children = (
				440EC2FA2C75779D0081C5D8 /* NetworkManager.swift */,
			);
			path = Networking;
			sourceTree = "<group>";
		};
		440EC2BB2C75754C0081C5D8 /* Storage */ = {
			isa = PBXGroup;
			children = (
				440EC2FD2C7577AA0081C5D8 /* StorageManager.swift */,
			);
			path = Storage;
			sourceTree = "<group>";
		};
		440EC2BC2C7575520081C5D8 /* AppConfig */ = {
			isa = PBXGroup;
			children = (
				440EC3002C7577BB0081C5D8 /* AppConfig.swift */,
			);
			path = AppConfig;
			sourceTree = "<group>";
		};
		440EC2C32C75758E0081C5D8 /* Extensions */ = {
			isa = PBXGroup;
			children = (
				440EC3032C7577D50081C5D8 /* View+Extensions.swift */,
				440EC3062C7577E80081C5D8 /* Color+Extensions.swift */,
			);
			path = Extensions;
			sourceTree = "<group>";
		};
		440EC2C42C7575940081C5D8 /* Helpers */ = {
			isa = PBXGroup;
			children = (
				440EC3092C7577F80081C5D8 /* DateFormatter.swift */,
				440EC30C2C75780D0081C5D8 /* Validators.swift */,
			);
			path = Helpers;
			sourceTree = "<group>";
		};
		440EC2C82C7575C50081C5D8 /* Fonts */ = {
			isa = PBXGroup;
			children = (
			);
			path = Fonts;
			sourceTree = "<group>";
		};
		440EC2C92C7575CA0081C5D8 /* Localization */ = {
			isa = PBXGroup;
			children = (
			);
			path = Localization;
			sourceTree = "<group>";
		};
		440EC2CA2C7576420081C5D8 /* Views */ = {
			isa = PBXGroup;
			children = (
				440EC2DC2C7576F50081C5D8 /* SessionsView.swift */,
			);
			path = Views;
			sourceTree = "<group>";
		};
		440EC2CB2C7576470081C5D8 /* Models */ = {
			isa = PBXGroup;
			children = (
				440EC2D92C7576E50081C5D8 /* Session.swift */,
			);
			path = Models;
			sourceTree = "<group>";
		};
		440EC2CC2C75764D0081C5D8 /* ViewModels */ = {
			isa = PBXGroup;
			children = (
				440EC2D62C7576CD0081C5D8 /* SessionsViewModel.swift */,
			);
			path = ViewModels;
			sourceTree = "<group>";
		};
		440EC2CD2C7576750081C5D8 /* Views */ = {
			isa = PBXGroup;
			children = (
				440EC2E52C7577190081C5D8 /* ChildrenView.swift */,
			);
			path = Views;
			sourceTree = "<group>";
		};
		440EC2CE2C75767A0081C5D8 /* Models */ = {
			isa = PBXGroup;
			children = (
				440EC2E22C75770B0081C5D8 /* Children.swift */,
			);
			path = Models;
			sourceTree = "<group>";
		};
		440EC2CF2C75767F0081C5D8 /* ViewModels */ = {
			isa = PBXGroup;
			children = (
				440EC2DF2C7577020081C5D8 /* ChildrenViewModel.swift */,
			);
			path = ViewModels;
			sourceTree = "<group>";
		};
		440EC2D02C7576840081C5D8 /* Views */ = {
			isa = PBXGroup;
			children = (
				440EC2EE2C7577420081C5D8 /* ProfileView.swift */,
			);
			path = Views;
			sourceTree = "<group>";
		};
		440EC2D12C75768C0081C5D8 /* Models */ = {
			isa = PBXGroup;
			children = (
				440EC2EB2C7577320081C5D8 /* Profile.swift */,
			);
			path = Models;
			sourceTree = "<group>";
		};
		440EC2D22C7576950081C5D8 /* ViewModels */ = {
			isa = PBXGroup;
			children = (
				440EC2E82C7577290081C5D8 /* ProfileViewModel.swift */,
			);
			path = ViewModels;
			sourceTree = "<group>";
		};
		440EC2D32C75769D0081C5D8 /* Views */ = {
			isa = PBXGroup;
			children = (
				440EC2F42C75776D0081C5D8 /* HomeView.swift */,
			);
			path = Views;
			sourceTree = "<group>";
		};
		440EC2D42C7576A10081C5D8 /* Models */ = {
			isa = PBXGroup;
			children = (
			);
			path = Models;
			sourceTree = "<group>";
		};
		440EC2D52C7576A60081C5D8 /* ViewModels */ = {
			isa = PBXGroup;
			children = (
				440EC2F12C7577550081C5D8 /* HomeViewModel.swift */,
			);
			path = ViewModels;
			sourceTree = "<group>";
		};
		440EC3122C7592C90081C5D8 /* Authentication */ = {
			isa = PBXGroup;
			children = (
				440EC3152C7592E40081C5D8 /* ViewModels */,
				440EC3142C7592DC0081C5D8 /* Models */,
				440EC3132C7592D40081C5D8 /* Views */,
			);
			path = Authentication;
			sourceTree = "<group>";
		};
		440EC3132C7592D40081C5D8 /* Views */ = {
			isa = PBXGroup;
			children = (
				440EC3162C7593020081C5D8 /* LandingView.swift */,
				440EC3192C7593120081C5D8 /* RegisterView.swift */,
				440EC31C2C7593180081C5D8 /* LoginView.swift */,
			);
			path = Views;
			sourceTree = "<group>";
		};
		440EC3142C7592DC0081C5D8 /* Models */ = {
			isa = PBXGroup;
			children = (
			);
			path = Models;
			sourceTree = "<group>";
		};
		440EC3152C7592E40081C5D8 /* ViewModels */ = {
			isa = PBXGroup;
			children = (
				440EC31F2C75932C0081C5D8 /* LandingViewModel.swift */,
				440EC3222C7593340081C5D8 /* RegisterViewModel.swift */,
				440EC3252C7593420081C5D8 /* LoginViewModel.swift */,
			);
			path = ViewModels;
			sourceTree = "<group>";
		};
		440EC3282C7593880081C5D8 /* SharedComponents */ = {
			isa = PBXGroup;
			children = (
				440EC3292C7593AC0081C5D8 /* CustomTextField.swift */,
				440EC32C2C7593BE0081C5D8 /* CustomSecureField.swift */,
				440EC32F2C7593C50081C5D8 /* CustomButton.swift */,
			);
			path = SharedComponents;
			sourceTree = "<group>";
		};
		440EC3322C7597630081C5D8 /* Main */ = {
			isa = PBXGroup;
			children = (
				440EC3332C75976A0081C5D8 /* Views */,
			);
			path = Main;
			sourceTree = "<group>";
		};
		440EC3332C75976A0081C5D8 /* Views */ = {
			isa = PBXGroup;
			children = (
				440EC3342C7597790081C5D8 /* MainTabView.swift */,
			);
			path = Views;
			sourceTree = "<group>";
		};
/* End PBXGroup section */

/* Begin PBXNativeTarget section */
		440EC2792C756EC40081C5D8 /* NurtureTrak */ = {
			isa = PBXNativeTarget;
			buildConfigurationList = 440EC29E2C756EC50081C5D8 /* Build configuration list for PBXNativeTarget "NurtureTrak" */;
			buildPhases = (
				440EC2762C756EC40081C5D8 /* Sources */,
				440EC2772C756EC40081C5D8 /* Frameworks */,
				440EC2782C756EC40081C5D8 /* Resources */,
			);
			buildRules = (
			);
			dependencies = (
			);
			name = NurtureTrak;
			productName = NurtureTrak;
			productReference = 440EC27A2C756EC40081C5D8 /* NurtureTrak.app */;
			productType = "com.apple.product-type.application";
		};
		440EC2892C756EC50081C5D8 /* NurtureTrakTests */ = {
			isa = PBXNativeTarget;
			buildConfigurationList = 440EC2A12C756EC50081C5D8 /* Build configuration list for PBXNativeTarget "NurtureTrakTests" */;
			buildPhases = (
				440EC2862C756EC50081C5D8 /* Sources */,
				440EC2872C756EC50081C5D8 /* Frameworks */,
				440EC2882C756EC50081C5D8 /* Resources */,
			);
			buildRules = (
			);
			dependencies = (
				440EC28C2C756EC50081C5D8 /* PBXTargetDependency */,
			);
			name = NurtureTrakTests;
			productName = NurtureTrakTests;
			productReference = 440EC28A2C756EC50081C5D8 /* NurtureTrakTests.xctest */;
			productType = "com.apple.product-type.bundle.unit-test";
		};
		440EC2932C756EC50081C5D8 /* NurtureTrakUITests */ = {
			isa = PBXNativeTarget;
			buildConfigurationList = 440EC2A42C756EC50081C5D8 /* Build configuration list for PBXNativeTarget "NurtureTrakUITests" */;
			buildPhases = (
				440EC2902C756EC50081C5D8 /* Sources */,
				440EC2912C756EC50081C5D8 /* Frameworks */,
				440EC2922C756EC50081C5D8 /* Resources */,
			);
			buildRules = (
			);
			dependencies = (
				440EC2962C756EC50081C5D8 /* PBXTargetDependency */,
			);
			name = NurtureTrakUITests;
			productName = NurtureTrakUITests;
			productReference = 440EC2942C756EC50081C5D8 /* NurtureTrakUITests.xctest */;
			productType = "com.apple.product-type.bundle.ui-testing";
		};
/* End PBXNativeTarget section */

/* Begin PBXProject section */
		440EC2722C756EC40081C5D8 /* Project object */ = {
			isa = PBXProject;
			attributes = {
				BuildIndependentTargetsInParallel = 1;
				KnownAssetTags = (
					New,
				);
				LastSwiftUpdateCheck = 1540;
				LastUpgradeCheck = 1540;
				TargetAttributes = {
					440EC2792C756EC40081C5D8 = {
						CreatedOnToolsVersion = 15.4;
					};
					440EC2892C756EC50081C5D8 = {
						CreatedOnToolsVersion = 15.4;
						TestTargetID = 440EC2792C756EC40081C5D8;
					};
					440EC2932C756EC50081C5D8 = {
						CreatedOnToolsVersion = 15.4;
						TestTargetID = 440EC2792C756EC40081C5D8;
					};
				};
			};
			buildConfigurationList = 440EC2752C756EC40081C5D8 /* Build configuration list for PBXProject "NurtureTrak" */;
			compatibilityVersion = "Xcode 14.0";
			developmentRegion = en;
			hasScannedForEncodings = 0;
			knownRegions = (
				en,
				Base,
			);
			mainGroup = 440EC2712C756EC40081C5D8;
			productRefGroup = 440EC27B2C756EC40081C5D8 /* Products */;
			projectDirPath = "";
			projectRoot = "";
			targets = (
				440EC2792C756EC40081C5D8 /* NurtureTrak */,
				440EC2892C756EC50081C5D8 /* NurtureTrakTests */,
				440EC2932C756EC50081C5D8 /* NurtureTrakUITests */,
			);
		};
/* End PBXProject section */

/* Begin PBXResourcesBuildPhase section */
		440EC2782C756EC40081C5D8 /* Resources */ = {
			isa = PBXResourcesBuildPhase;
			buildActionMask = 2147483647;
			files = (
				440EC3102C7587CB0081C5D8 /* Colors.xcassets in Resources */,
				440EC2852C756EC50081C5D8 /* Preview Assets.xcassets in Resources */,
				440EC2822C756EC50081C5D8 /* Assets.xcassets in Resources */,
			);
			runOnlyForDeploymentPostprocessing = 0;
		};
		440EC2882C756EC50081C5D8 /* Resources */ = {
			isa = PBXResourcesBuildPhase;
			buildActionMask = 2147483647;
			files = (
			);
			runOnlyForDeploymentPostprocessing = 0;
		};
		440EC2922C756EC50081C5D8 /* Resources */ = {
			isa = PBXResourcesBuildPhase;
			buildActionMask = 2147483647;
			files = (
				440EC3112C7587CB0081C5D8 /* Colors.xcassets in Resources */,
			);
			runOnlyForDeploymentPostprocessing = 0;
		};
/* End PBXResourcesBuildPhase section */

/* Begin PBXSourcesBuildPhase section */
		440EC2762C756EC40081C5D8 /* Sources */ = {
			isa = PBXSourcesBuildPhase;
			buildActionMask = 2147483647;
			files = (
				440EC2FB2C75779D0081C5D8 /* NetworkManager.swift in Sources */,
				440EC3012C7577BB0081C5D8 /* AppConfig.swift in Sources */,
				440EC2DA2C7576E50081C5D8 /* Session.swift in Sources */,
				440EC2E62C7577190081C5D8 /* ChildrenView.swift in Sources */,
				440EC2C62C7575A40081C5D8 /* Constants.swift in Sources */,
				440EC2EC2C7577320081C5D8 /* Profile.swift in Sources */,
				440EC3172C7593020081C5D8 /* LandingView.swift in Sources */,
				440EC2E32C75770B0081C5D8 /* Children.swift in Sources */,
				440EC3262C7593420081C5D8 /* LoginViewModel.swift in Sources */,
				440EC3352C7597790081C5D8 /* MainTabView.swift in Sources */,
				440EC30A2C7577F80081C5D8 /* DateFormatter.swift in Sources */,
				440EC2E02C7577020081C5D8 /* ChildrenViewModel.swift in Sources */,
				440EC2802C756EC40081C5D8 /* ContentView.swift in Sources */,
				440EC3072C7577E80081C5D8 /* Color+Extensions.swift in Sources */,
				440EC2F82C75778D0081C5D8 /* AuthManager.swift in Sources */,
				440EC3042C7577D50081C5D8 /* View+Extensions.swift in Sources */,
				440EC2FE2C7577AA0081C5D8 /* StorageManager.swift in Sources */,
				440EC31A2C7593120081C5D8 /* RegisterView.swift in Sources */,
				440EC2E92C7577290081C5D8 /* ProfileViewModel.swift in Sources */,
				440EC32A2C7593AC0081C5D8 /* CustomTextField.swift in Sources */,
				440EC2C12C7575810081C5D8 /* StorageService.swift in Sources */,
				440EC2BE2C75756B0081C5D8 /* APIService.swift in Sources */,
				440EC27E2C756EC40081C5D8 /* NurtureTrakApp.swift in Sources */,
				440EC2D72C7576CD0081C5D8 /* SessionsViewModel.swift in Sources */,
				440EC31D2C7593180081C5D8 /* LoginView.swift in Sources */,
				440EC32D2C7593BE0081C5D8 /* CustomSecureField.swift in Sources */,
				440EC2EF2C7577420081C5D8 /* ProfileView.swift in Sources */,
				440EC30D2C75780D0081C5D8 /* Validators.swift in Sources */,
				440EC2F52C75776D0081C5D8 /* HomeView.swift in Sources */,
				440EC2F22C7577550081C5D8 /* HomeViewModel.swift in Sources */,
				440EC3302C7593C50081C5D8 /* CustomButton.swift in Sources */,
				440EC3232C7593340081C5D8 /* RegisterViewModel.swift in Sources */,
				440EC3202C75932C0081C5D8 /* LandingViewModel.swift in Sources */,
				440EC2DD2C7576F50081C5D8 /* SessionsView.swift in Sources */,
			);
			runOnlyForDeploymentPostprocessing = 0;
		};
		440EC2862C756EC50081C5D8 /* Sources */ = {
			isa = PBXSourcesBuildPhase;
			buildActionMask = 2147483647;
			files = (
				440EC28F2C756EC50081C5D8 /* NurtureTrakTests.swift in Sources */,
			);
			runOnlyForDeploymentPostprocessing = 0;
		};
		440EC2902C756EC50081C5D8 /* Sources */ = {
			isa = PBXSourcesBuildPhase;
			buildActionMask = 2147483647;
			files = (
				440EC2FC2C75779D0081C5D8 /* NetworkManager.swift in Sources */,
				440EC3022C7577BB0081C5D8 /* AppConfig.swift in Sources */,
				440EC2DB2C7576E50081C5D8 /* Session.swift in Sources */,
				440EC2E72C7577190081C5D8 /* ChildrenView.swift in Sources */,
				440EC2C72C7575A40081C5D8 /* Constants.swift in Sources */,
				440EC2ED2C7577320081C5D8 /* Profile.swift in Sources */,
				440EC3182C7593020081C5D8 /* LandingView.swift in Sources */,
				440EC2E42C75770B0081C5D8 /* Children.swift in Sources */,
				440EC3272C7593420081C5D8 /* LoginViewModel.swift in Sources */,
				440EC3362C7597790081C5D8 /* MainTabView.swift in Sources */,
				440EC30B2C7577F80081C5D8 /* DateFormatter.swift in Sources */,
				440EC2E12C7577020081C5D8 /* ChildrenViewModel.swift in Sources */,
				440EC29B2C756EC50081C5D8 /* NurtureTrakUITestsLaunchTests.swift in Sources */,
				440EC3082C7577E80081C5D8 /* Color+Extensions.swift in Sources */,
				440EC2F92C75778D0081C5D8 /* AuthManager.swift in Sources */,
				440EC3052C7577D50081C5D8 /* View+Extensions.swift in Sources */,
				440EC2FF2C7577AA0081C5D8 /* StorageManager.swift in Sources */,
				440EC31B2C7593120081C5D8 /* RegisterView.swift in Sources */,
				440EC2EA2C7577290081C5D8 /* ProfileViewModel.swift in Sources */,
				440EC32B2C7593AC0081C5D8 /* CustomTextField.swift in Sources */,
				440EC2C22C7575810081C5D8 /* StorageService.swift in Sources */,
				440EC2BF2C75756B0081C5D8 /* APIService.swift in Sources */,
				440EC2992C756EC50081C5D8 /* NurtureTrakUITests.swift in Sources */,
				440EC2D82C7576CD0081C5D8 /* SessionsViewModel.swift in Sources */,
				440EC31E2C7593180081C5D8 /* LoginView.swift in Sources */,
				440EC32E2C7593BE0081C5D8 /* CustomSecureField.swift in Sources */,
				440EC2F02C7577420081C5D8 /* ProfileView.swift in Sources */,
				440EC30E2C75780D0081C5D8 /* Validators.swift in Sources */,
				440EC2F62C75776D0081C5D8 /* HomeView.swift in Sources */,
				440EC2F32C7577550081C5D8 /* HomeViewModel.swift in Sources */,
				440EC3312C7593C50081C5D8 /* CustomButton.swift in Sources */,
				440EC3242C7593340081C5D8 /* RegisterViewModel.swift in Sources */,
				440EC3212C75932C0081C5D8 /* LandingViewModel.swift in Sources */,
				440EC2DE2C7576F50081C5D8 /* SessionsView.swift in Sources */,
			);
			runOnlyForDeploymentPostprocessing = 0;
		};
/* End PBXSourcesBuildPhase section */

/* Begin PBXTargetDependency section */
		440EC28C2C756EC50081C5D8 /* PBXTargetDependency */ = {
			isa = PBXTargetDependency;
			target = 440EC2792C756EC40081C5D8 /* NurtureTrak */;
			targetProxy = 440EC28B2C756EC50081C5D8 /* PBXContainerItemProxy */;
		};
		440EC2962C756EC50081C5D8 /* PBXTargetDependency */ = {
			isa = PBXTargetDependency;
			target = 440EC2792C756EC40081C5D8 /* NurtureTrak */;
			targetProxy = 440EC2952C756EC50081C5D8 /* PBXContainerItemProxy */;
		};
/* End PBXTargetDependency section */

/* Begin XCBuildConfiguration section */
		440EC29C2C756EC50081C5D8 /* Debug */ = {
			isa = XCBuildConfiguration;
			buildSettings = {
				ALWAYS_SEARCH_USER_PATHS = NO;
				ASSETCATALOG_COMPILER_GENERATE_SWIFT_ASSET_SYMBOL_EXTENSIONS = YES;
				CLANG_ANALYZER_NONNULL = YES;
				CLANG_ANALYZER_NUMBER_OBJECT_CONVERSION = YES_AGGRESSIVE;
				CLANG_CXX_LANGUAGE_STANDARD = "gnu++20";
				CLANG_ENABLE_MODULES = YES;
				CLANG_ENABLE_OBJC_ARC = YES;
				CLANG_ENABLE_OBJC_WEAK = YES;
				CLANG_WARN_BLOCK_CAPTURE_AUTORELEASING = YES;
				CLANG_WARN_BOOL_CONVERSION = YES;
				CLANG_WARN_COMMA = YES;
				CLANG_WARN_CONSTANT_CONVERSION = YES;
				CLANG_WARN_DEPRECATED_OBJC_IMPLEMENTATIONS = YES;
				CLANG_WARN_DIRECT_OBJC_ISA_USAGE = YES_ERROR;
				CLANG_WARN_DOCUMENTATION_COMMENTS = YES;
				CLANG_WARN_EMPTY_BODY = YES;
				CLANG_WARN_ENUM_CONVERSION = YES;
				CLANG_WARN_INFINITE_RECURSION = YES;
				CLANG_WARN_INT_CONVERSION = YES;
				CLANG_WARN_NON_LITERAL_NULL_CONVERSION = YES;
				CLANG_WARN_OBJC_IMPLICIT_RETAIN_SELF = YES;
				CLANG_WARN_OBJC_LITERAL_CONVERSION = YES;
				CLANG_WARN_OBJC_ROOT_CLASS = YES_ERROR;
				CLANG_WARN_QUOTED_INCLUDE_IN_FRAMEWORK_HEADER = YES;
				CLANG_WARN_RANGE_LOOP_ANALYSIS = YES;
				CLANG_WARN_STRICT_PROTOTYPES = YES;
				CLANG_WARN_SUSPICIOUS_MOVE = YES;
				CLANG_WARN_UNGUARDED_AVAILABILITY = YES_AGGRESSIVE;
				CLANG_WARN_UNREACHABLE_CODE = YES;
				CLANG_WARN__DUPLICATE_METHOD_MATCH = YES;
				COPY_PHASE_STRIP = NO;
				DEBUG_INFORMATION_FORMAT = dwarf;
				ENABLE_STRICT_OBJC_MSGSEND = YES;
				ENABLE_TESTABILITY = YES;
				ENABLE_USER_SCRIPT_SANDBOXING = YES;
				GCC_C_LANGUAGE_STANDARD = gnu17;
				GCC_DYNAMIC_NO_PIC = NO;
				GCC_NO_COMMON_BLOCKS = YES;
				GCC_OPTIMIZATION_LEVEL = 0;
				GCC_PREPROCESSOR_DEFINITIONS = (
					"DEBUG=1",
					"$(inherited)",
				);
				GCC_WARN_64_TO_32_BIT_CONVERSION = YES;
				GCC_WARN_ABOUT_RETURN_TYPE = YES_ERROR;
				GCC_WARN_UNDECLARED_SELECTOR = YES;
				GCC_WARN_UNINITIALIZED_AUTOS = YES_AGGRESSIVE;
				GCC_WARN_UNUSED_FUNCTION = YES;
				GCC_WARN_UNUSED_VARIABLE = YES;
				INFOPLIST_KEY_NSLocalNetworkUsageDescription = "This App uses local network to make API calls";
				IPHONEOS_DEPLOYMENT_TARGET = 17.5;
				LOCALIZATION_PREFERS_STRING_CATALOGS = YES;
				MTL_ENABLE_DEBUG_INFO = INCLUDE_SOURCE;
				MTL_FAST_MATH = YES;
				NEW_SETTING = "";
				ONLY_ACTIVE_ARCH = YES;
				SDKROOT = iphoneos;
				SWIFT_ACTIVE_COMPILATION_CONDITIONS = "DEBUG $(inherited)";
				SWIFT_OPTIMIZATION_LEVEL = "-Onone";
			};
			name = Debug;
		};
		440EC29D2C756EC50081C5D8 /* Release */ = {
			isa = XCBuildConfiguration;
			buildSettings = {
				ALWAYS_SEARCH_USER_PATHS = NO;
				ASSETCATALOG_COMPILER_GENERATE_SWIFT_ASSET_SYMBOL_EXTENSIONS = YES;
				CLANG_ANALYZER_NONNULL = YES;
				CLANG_ANALYZER_NUMBER_OBJECT_CONVERSION = YES_AGGRESSIVE;
				CLANG_CXX_LANGUAGE_STANDARD = "gnu++20";
				CLANG_ENABLE_MODULES = YES;
				CLANG_ENABLE_OBJC_ARC = YES;
				CLANG_ENABLE_OBJC_WEAK = YES;
				CLANG_WARN_BLOCK_CAPTURE_AUTORELEASING = YES;
				CLANG_WARN_BOOL_CONVERSION = YES;
				CLANG_WARN_COMMA = YES;
				CLANG_WARN_CONSTANT_CONVERSION = YES;
				CLANG_WARN_DEPRECATED_OBJC_IMPLEMENTATIONS = YES;
				CLANG_WARN_DIRECT_OBJC_ISA_USAGE = YES_ERROR;
				CLANG_WARN_DOCUMENTATION_COMMENTS = YES;
				CLANG_WARN_EMPTY_BODY = YES;
				CLANG_WARN_ENUM_CONVERSION = YES;
				CLANG_WARN_INFINITE_RECURSION = YES;
				CLANG_WARN_INT_CONVERSION = YES;
				CLANG_WARN_NON_LITERAL_NULL_CONVERSION = YES;
				CLANG_WARN_OBJC_IMPLICIT_RETAIN_SELF = YES;
				CLANG_WARN_OBJC_LITERAL_CONVERSION = YES;
				CLANG_WARN_OBJC_ROOT_CLASS = YES_ERROR;
				CLANG_WARN_QUOTED_INCLUDE_IN_FRAMEWORK_HEADER = YES;
				CLANG_WARN_RANGE_LOOP_ANALYSIS = YES;
				CLANG_WARN_STRICT_PROTOTYPES = YES;
				CLANG_WARN_SUSPICIOUS_MOVE = YES;
				CLANG_WARN_UNGUARDED_AVAILABILITY = YES_AGGRESSIVE;
				CLANG_WARN_UNREACHABLE_CODE = YES;
				CLANG_WARN__DUPLICATE_METHOD_MATCH = YES;
				COPY_PHASE_STRIP = NO;
				DEBUG_INFORMATION_FORMAT = "dwarf-with-dsym";
				ENABLE_NS_ASSERTIONS = NO;
				ENABLE_STRICT_OBJC_MSGSEND = YES;
				ENABLE_USER_SCRIPT_SANDBOXING = YES;
				GCC_C_LANGUAGE_STANDARD = gnu17;
				GCC_NO_COMMON_BLOCKS = YES;
				GCC_WARN_64_TO_32_BIT_CONVERSION = YES;
				GCC_WARN_ABOUT_RETURN_TYPE = YES_ERROR;
				GCC_WARN_UNDECLARED_SELECTOR = YES;
				GCC_WARN_UNINITIALIZED_AUTOS = YES_AGGRESSIVE;
				GCC_WARN_UNUSED_FUNCTION = YES;
				GCC_WARN_UNUSED_VARIABLE = YES;
				INFOPLIST_KEY_NSLocalNetworkUsageDescription = "This App uses local network to make API calls";
				IPHONEOS_DEPLOYMENT_TARGET = 17.5;
				LOCALIZATION_PREFERS_STRING_CATALOGS = YES;
				MTL_ENABLE_DEBUG_INFO = NO;
				MTL_FAST_MATH = YES;
				NEW_SETTING = "";
				SDKROOT = iphoneos;
				SWIFT_COMPILATION_MODE = wholemodule;
				VALIDATE_PRODUCT = YES;
			};
			name = Release;
		};
		440EC29F2C756EC50081C5D8 /* Debug */ = {
			isa = XCBuildConfiguration;
			buildSettings = {
				ASSETCATALOG_COMPILER_APPICON_NAME = AppIcon;
				ASSETCATALOG_COMPILER_GLOBAL_ACCENT_COLOR_NAME = AccentColor;
				CODE_SIGN_STYLE = Automatic;
				CURRENT_PROJECT_VERSION = 1;
				DEVELOPMENT_ASSET_PATHS = "\"NurtureTrak/Preview Content\"";
				DEVELOPMENT_TEAM = K3YB5P2C9R;
				ENABLE_PREVIEWS = YES;
				GENERATE_INFOPLIST_FILE = YES;
				INFOPLIST_FILE = NurtureTrak/Info.plist;
				INFOPLIST_KEY_UIApplicationSceneManifest_Generation = YES;
				INFOPLIST_KEY_UIApplicationSupportsIndirectInputEvents = YES;
				INFOPLIST_KEY_UILaunchScreen_Generation = YES;
				INFOPLIST_KEY_UISupportedInterfaceOrientations_iPad = "UIInterfaceOrientationPortrait UIInterfaceOrientationPortraitUpsideDown UIInterfaceOrientationLandscapeLeft UIInterfaceOrientationLandscapeRight";
				INFOPLIST_KEY_UISupportedInterfaceOrientations_iPhone = "UIInterfaceOrientationPortrait UIInterfaceOrientationLandscapeLeft UIInterfaceOrientationLandscapeRight";
				LD_RUNPATH_SEARCH_PATHS = (
					"$(inherited)",
					"@executable_path/Frameworks",
				);
				MARKETING_VERSION = 1.0;
				PRODUCT_BUNDLE_IDENTIFIER = GVS.NurtureTrak;
				PRODUCT_NAME = "$(TARGET_NAME)";
				SWIFT_EMIT_LOC_STRINGS = YES;
				SWIFT_VERSION = 5.0;
				TARGETED_DEVICE_FAMILY = "1,2";
			};
			name = Debug;
		};
		440EC2A02C756EC50081C5D8 /* Release */ = {
			isa = XCBuildConfiguration;
			buildSettings = {
				ASSETCATALOG_COMPILER_APPICON_NAME = AppIcon;
				ASSETCATALOG_COMPILER_GLOBAL_ACCENT_COLOR_NAME = AccentColor;
				CODE_SIGN_STYLE = Automatic;
				CURRENT_PROJECT_VERSION = 1;
				DEVELOPMENT_ASSET_PATHS = "\"NurtureTrak/Preview Content\"";
				DEVELOPMENT_TEAM = K3YB5P2C9R;
				ENABLE_PREVIEWS = YES;
				GENERATE_INFOPLIST_FILE = YES;
				INFOPLIST_FILE = NurtureTrak/Info.plist;
				INFOPLIST_KEY_UIApplicationSceneManifest_Generation = YES;
				INFOPLIST_KEY_UIApplicationSupportsIndirectInputEvents = YES;
				INFOPLIST_KEY_UILaunchScreen_Generation = YES;
				INFOPLIST_KEY_UISupportedInterfaceOrientations_iPad = "UIInterfaceOrientationPortrait UIInterfaceOrientationPortraitUpsideDown UIInterfaceOrientationLandscapeLeft UIInterfaceOrientationLandscapeRight";
				INFOPLIST_KEY_UISupportedInterfaceOrientations_iPhone = "UIInterfaceOrientationPortrait UIInterfaceOrientationLandscapeLeft UIInterfaceOrientationLandscapeRight";
				LD_RUNPATH_SEARCH_PATHS = (
					"$(inherited)",
					"@executable_path/Frameworks",
				);
				MARKETING_VERSION = 1.0;
				PRODUCT_BUNDLE_IDENTIFIER = GVS.NurtureTrak;
				PRODUCT_NAME = "$(TARGET_NAME)";
				SWIFT_EMIT_LOC_STRINGS = YES;
				SWIFT_VERSION = 5.0;
				TARGETED_DEVICE_FAMILY = "1,2";
			};
			name = Release;
		};
		440EC2A22C756EC50081C5D8 /* Debug */ = {
			isa = XCBuildConfiguration;
			buildSettings = {
				ALWAYS_EMBED_SWIFT_STANDARD_LIBRARIES = YES;
				BUNDLE_LOADER = "$(TEST_HOST)";
				CODE_SIGN_STYLE = Automatic;
				CURRENT_PROJECT_VERSION = 1;
				DEVELOPMENT_TEAM = K3YB5P2C9R;
				GENERATE_INFOPLIST_FILE = YES;
				IPHONEOS_DEPLOYMENT_TARGET = 17.5;
				MARKETING_VERSION = 1.0;
				PRODUCT_BUNDLE_IDENTIFIER = GVS.NurtureTrakTests;
				PRODUCT_NAME = "$(TARGET_NAME)";
				SWIFT_EMIT_LOC_STRINGS = NO;
				SWIFT_VERSION = 5.0;
				TARGETED_DEVICE_FAMILY = "1,2";
				TEST_HOST = "$(BUILT_PRODUCTS_DIR)/NurtureTrak.app/$(BUNDLE_EXECUTABLE_FOLDER_PATH)/NurtureTrak";
			};
			name = Debug;
		};
		440EC2A32C756EC50081C5D8 /* Release */ = {
			isa = XCBuildConfiguration;
			buildSettings = {
				ALWAYS_EMBED_SWIFT_STANDARD_LIBRARIES = YES;
				BUNDLE_LOADER = "$(TEST_HOST)";
				CODE_SIGN_STYLE = Automatic;
				CURRENT_PROJECT_VERSION = 1;
				DEVELOPMENT_TEAM = K3YB5P2C9R;
				GENERATE_INFOPLIST_FILE = YES;
				IPHONEOS_DEPLOYMENT_TARGET = 17.5;
				MARKETING_VERSION = 1.0;
				PRODUCT_BUNDLE_IDENTIFIER = GVS.NurtureTrakTests;
				PRODUCT_NAME = "$(TARGET_NAME)";
				SWIFT_EMIT_LOC_STRINGS = NO;
				SWIFT_VERSION = 5.0;
				TARGETED_DEVICE_FAMILY = "1,2";
				TEST_HOST = "$(BUILT_PRODUCTS_DIR)/NurtureTrak.app/$(BUNDLE_EXECUTABLE_FOLDER_PATH)/NurtureTrak";
			};
			name = Release;
		};
		440EC2A52C756EC50081C5D8 /* Debug */ = {
			isa = XCBuildConfiguration;
			buildSettings = {
				ALWAYS_EMBED_SWIFT_STANDARD_LIBRARIES = YES;
				CODE_SIGN_STYLE = Automatic;
				CURRENT_PROJECT_VERSION = 1;
				DEVELOPMENT_TEAM = K3YB5P2C9R;
				GENERATE_INFOPLIST_FILE = YES;
				MARKETING_VERSION = 1.0;
				PRODUCT_BUNDLE_IDENTIFIER = GVS.NurtureTrakUITests;
				PRODUCT_NAME = "$(TARGET_NAME)";
				SWIFT_EMIT_LOC_STRINGS = NO;
				SWIFT_VERSION = 5.0;
				TARGETED_DEVICE_FAMILY = "1,2";
				TEST_TARGET_NAME = NurtureTrak;
			};
			name = Debug;
		};
		440EC2A62C756EC50081C5D8 /* Release */ = {
			isa = XCBuildConfiguration;
			buildSettings = {
				ALWAYS_EMBED_SWIFT_STANDARD_LIBRARIES = YES;
				CODE_SIGN_STYLE = Automatic;
				CURRENT_PROJECT_VERSION = 1;
				DEVELOPMENT_TEAM = K3YB5P2C9R;
				GENERATE_INFOPLIST_FILE = YES;
				MARKETING_VERSION = 1.0;
				PRODUCT_BUNDLE_IDENTIFIER = GVS.NurtureTrakUITests;
				PRODUCT_NAME = "$(TARGET_NAME)";
				SWIFT_EMIT_LOC_STRINGS = NO;
				SWIFT_VERSION = 5.0;
				TARGETED_DEVICE_FAMILY = "1,2";
				TEST_TARGET_NAME = NurtureTrak;
			};
			name = Release;
		};
/* End XCBuildConfiguration section */

/* Begin XCConfigurationList section */
		440EC2752C756EC40081C5D8 /* Build configuration list for PBXProject "NurtureTrak" */ = {
			isa = XCConfigurationList;
			buildConfigurations = (
				440EC29C2C756EC50081C5D8 /* Debug */,
				440EC29D2C756EC50081C5D8 /* Release */,
			);
			defaultConfigurationIsVisible = 0;
			defaultConfigurationName = Release;
		};
		440EC29E2C756EC50081C5D8 /* Build configuration list for PBXNativeTarget "NurtureTrak" */ = {
			isa = XCConfigurationList;
			buildConfigurations = (
				440EC29F2C756EC50081C5D8 /* Debug */,
				440EC2A02C756EC50081C5D8 /* Release */,
			);
			defaultConfigurationIsVisible = 0;
			defaultConfigurationName = Release;
		};
		440EC2A12C756EC50081C5D8 /* Build configuration list for PBXNativeTarget "NurtureTrakTests" */ = {
			isa = XCConfigurationList;
			buildConfigurations = (
				440EC2A22C756EC50081C5D8 /* Debug */,
				440EC2A32C756EC50081C5D8 /* Release */,
			);
			defaultConfigurationIsVisible = 0;
			defaultConfigurationName = Release;
		};
		440EC2A42C756EC50081C5D8 /* Build configuration list for PBXNativeTarget "NurtureTrakUITests" */ = {
			isa = XCConfigurationList;
			buildConfigurations = (
				440EC2A52C756EC50081C5D8 /* Debug */,
				440EC2A62C756EC50081C5D8 /* Release */,
			);
			defaultConfigurationIsVisible = 0;
			defaultConfigurationName = Release;
		};
/* End XCConfigurationList section */
	};
	rootObject = 440EC2722C756EC40081C5D8 /* Project object */;
}
